
Microsoft Visual Studio Solution File, Format Version 12.00
# Visual Studio Version 17
VisualStudioVersion = 17.9.34728.123
MinimumVisualStudioVersion = 10.0.40219.1
Project("{9A19103F-16F7-4668-BE54-9A1E7A4F7556}") = "Services", "..\DaoLVSE172121_NET1707_A01\Services\Services.csproj", "{5974CF93-0ACD-441B-8E26-C6A40C4E203E}"
EndProject
Project("{9A19103F-16F7-4668-BE54-9A1E7A4F7556}") = "DataAccessLayer", "..\DaoLVSE172121_NET1707_A01\DataAccessLayer\DataAccessLayer.csproj", "{EA115FE5-65E4-4E96-8101-117039141A50}"
EndProject
Project("{9A19103F-16F7-4668-BE54-9A1E7A4F7556}") = "Repositories", "..\DaoLVSE172121_NET1707_A01\Repositories\Repositories.csproj", "{90748020-9B67-48DF-9114-E898BB2CC6A6}"
EndProject
Project("{9A19103F-16F7-4668-BE54-9A1E7A4F7556}") = "BusinessObject", "..\DaoLVSE172121_NET1707_A01\BusinessObject\BusinessObject.csproj", "{9ECE5E0B-243B-4316-9162-3E2473F5FB9D}"
EndProject
Project("{9A19103F-16F7-4668-BE54-9A1E7A4F7556}") = "HotelMini", "HotelMini\HotelMini.csproj", "{B0D11E46-2C1C-48F0-A5FA-C7AF9BC7BE82}"
EndProject
Global
	GlobalSection(SolutionConfigurationPlatforms) = preSolution
		Debug|Any CPU = Debug|Any CPU
		Release|Any CPU = Release|Any CPU
	EndGlobalSection
	GlobalSection(ProjectConfigurationPlatforms) = postSolution
		{5974CF93-0ACD-441B-8E26-C6A40C4E203E}.Debug|Any CPU.ActiveCfg = Debug|Any CPU
		{5974CF93-0ACD-441B-8E26-C6A40C4E203E}.Debug|Any CPU.Build.0 = Debug|Any CPU
		{5974CF93-0ACD-441B-8E26-C6A40C4E203E}.Release|Any CPU.ActiveCfg = Release|Any CPU
		{5974CF93-0ACD-441B-8E26-C6A40C4E203E}.Release|Any CPU.Build.0 = Release|Any CPU
		{EA115FE5-65E4-4E96-8101-117039141A50}.Debug|Any CPU.ActiveCfg = Debug|Any CPU
		{EA115FE5-65E4-4E96-8101-117039141A50}.Debug|Any CPU.Build.0 = Debug|Any CPU
		{EA115FE5-65E4-4E96-8101-117039141A50}.Release|Any CPU.ActiveCfg = Release|Any CPU
		{EA115FE5-65E4-4E96-8101-117039141A50}.Release|Any CPU.Build.0 = Release|Any CPU
		{90748020-9B67-48DF-9114-E898BB2CC6A6}.Debug|Any CPU.ActiveCfg = Debug|Any CPU
		{90748020-9B67-48DF-9114-E898BB2CC6A6}.Debug|Any CPU.Build.0 = Debug|Any CPU
		{90748020-9B67-48DF-9114-E898BB2CC6A6}.Release|Any CPU.ActiveCfg = Release|Any CPU
		{90748020-9B67-48DF-9114-E898BB2CC6A6}.Release|Any CPU.Build.0 = Release|Any CPU
		{9ECE5E0B-243B-4316-9162-3E2473F5FB9D}.Debug|Any CPU.ActiveCfg = Debug|Any CPU
		{9ECE5E0B-243B-4316-9162-3E2473F5FB9D}.Debug|Any CPU.Build.0 = Debug|Any CPU
		{9ECE5E0B-243B-4316-9162-3E2473F5FB9D}.Release|Any CPU.ActiveCfg = Release|Any CPU
		{9ECE5E0B-243B-4316-9162-3E2473F5FB9D}.Release|Any CPU.Build.0 = Release|Any CPU
		{B0D11E46-2C1C-48F0-A5FA-C7AF9BC7BE82}.Debug|Any CPU.ActiveCfg = Debug|Any CPU
		{B0D11E46-2C1C-48F0-A5FA-C7AF9BC7BE82}.Debug|Any CPU.Build.0 = Debug|Any CPU
		{B0D11E46-2C1C-48F0-A5FA-C7AF9BC7BE82}.Release|Any CPU.ActiveCfg = Release|Any CPU
		{B0D11E46-2C1C-48F0-A5FA-C7AF9BC7BE82}.Release|Any CPU.Build.0 = Release|Any CPU
	EndGlobalSection
	GlobalSection(SolutionProperties) = preSolution
		HideSolutionNode = FALSE
	EndGlobalSection
	GlobalSection(ExtensibilityGlobals) = postSolution
		SolutionGuid = {34076767-F125-41BA-A3EF-20FB7FB1103B}
	EndGlobalSection
EndGlobal
