
Microsoft Visual Studio Solution File, Format Version 12.00
# Visual Studio Version 17
VisualStudioVersion = 17.9.34728.123
MinimumVisualStudioVersion = 10.0.40219.1
Project("{FAE04EC0-301F-11D3-BF4B-00C04F79EFBC}") = "BusinessObjects", "BusinessObjects\BusinessObjects.csproj", "{7B1F76E2-EAA6-414B-AA15-FB1B3C1C1CFD}"
EndProject
Project("{FAE04EC0-301F-11D3-BF4B-00C04F79EFBC}") = "DataAccessObjects", "DataAccessObjects\DataAccessObjects.csproj", "{98839B38-08A6-4551-B786-94A4C3B85B90}"
EndProject
Project("{FAE04EC0-301F-11D3-BF4B-00C04F79EFBC}") = "Repositories", "Repositories\Repositories.csproj", "{A3BAF4C7-DC5F-4444-AB3C-EB2FDA3D4161}"
EndProject
Project("{FAE04EC0-301F-11D3-BF4B-00C04F79EFBC}") = "Services", "Services\Services.csproj", "{23A8755F-F813-4C7A-8E4C-A1D59639E1B5}"
EndProject
Project("{FAE04EC0-301F-11D3-BF4B-00C04F79EFBC}") = "DaoLVSE172121WPF", "DaoLVSE172121WPF\DaoLVSE172121WPF.csproj", "{7199288F-4BA8-46C9-A150-3B2398FEA8A8}"
EndProject
Global
	GlobalSection(SolutionConfigurationPlatforms) = preSolution
		Debug|Any CPU = Debug|Any CPU
		Release|Any CPU = Release|Any CPU
	EndGlobalSection
	GlobalSection(ProjectConfigurationPlatforms) = postSolution
		{7B1F76E2-EAA6-414B-AA15-FB1B3C1C1CFD}.Debug|Any CPU.ActiveCfg = Debug|Any CPU
		{7B1F76E2-EAA6-414B-AA15-FB1B3C1C1CFD}.Debug|Any CPU.Build.0 = Debug|Any CPU
		{7B1F76E2-EAA6-414B-AA15-FB1B3C1C1CFD}.Release|Any CPU.ActiveCfg = Release|Any CPU
		{7B1F76E2-EAA6-414B-AA15-FB1B3C1C1CFD}.Release|Any CPU.Build.0 = Release|Any CPU
		{98839B38-08A6-4551-B786-94A4C3B85B90}.Debug|Any CPU.ActiveCfg = Debug|Any CPU
		{98839B38-08A6-4551-B786-94A4C3B85B90}.Debug|Any CPU.Build.0 = Debug|Any CPU
		{98839B38-08A6-4551-B786-94A4C3B85B90}.Release|Any CPU.ActiveCfg = Release|Any CPU
		{98839B38-08A6-4551-B786-94A4C3B85B90}.Release|Any CPU.Build.0 = Release|Any CPU
		{A3BAF4C7-DC5F-4444-AB3C-EB2FDA3D4161}.Debug|Any CPU.ActiveCfg = Debug|Any CPU
		{A3BAF4C7-DC5F-4444-AB3C-EB2FDA3D4161}.Debug|Any CPU.Build.0 = Debug|Any CPU
		{A3BAF4C7-DC5F-4444-AB3C-EB2FDA3D4161}.Release|Any CPU.ActiveCfg = Release|Any CPU
		{A3BAF4C7-DC5F-4444-AB3C-EB2FDA3D4161}.Release|Any CPU.Build.0 = Release|Any CPU
		{23A8755F-F813-4C7A-8E4C-A1D59639E1B5}.Debug|Any CPU.ActiveCfg = Debug|Any CPU
		{23A8755F-F813-4C7A-8E4C-A1D59639E1B5}.Debug|Any CPU.Build.0 = Debug|Any CPU
		{23A8755F-F813-4C7A-8E4C-A1D59639E1B5}.Release|Any CPU.ActiveCfg = Release|Any CPU
		{23A8755F-F813-4C7A-8E4C-A1D59639E1B5}.Release|Any CPU.Build.0 = Release|Any CPU
		{7199288F-4BA8-46C9-A150-3B2398FEA8A8}.Debug|Any CPU.ActiveCfg = Debug|Any CPU
		{7199288F-4BA8-46C9-A150-3B2398FEA8A8}.Debug|Any CPU.Build.0 = Debug|Any CPU
		{7199288F-4BA8-46C9-A150-3B2398FEA8A8}.Release|Any CPU.ActiveCfg = Release|Any CPU
		{7199288F-4BA8-46C9-A150-3B2398FEA8A8}.Release|Any CPU.Build.0 = Release|Any CPU
	EndGlobalSection
	GlobalSection(SolutionProperties) = preSolution
		HideSolutionNode = FALSE
	EndGlobalSection
	GlobalSection(ExtensibilityGlobals) = postSolution
		SolutionGuid = {A8CAB0B7-F501-49E9-B8E6-C7D332925353}
	EndGlobalSection
EndGlobal
